
Microsoft Visual Studio Solution File, Format Version 12.00
# Visual Studio Version 17
VisualStudioVersion = 17.12.35514.174 d17.12
MinimumVisualStudioVersion = 10.0.40219.1
Project("{FAE04EC0-301F-11D3-BF4B-00C04F79EFBC}") = "vegyes fel", "vegyes fel\vegyes fel.csproj", "{F77CC4D1-FAB8-4BA4-9CD2-3A0CF01AA074}"
EndProject
Global
	GlobalSection(SolutionConfigurationPlatforms) = preSolution
		Debug|Any CPU = Debug|Any CPU
		Release|Any CPU = Release|Any CPU
	EndGlobalSection
	GlobalSection(ProjectConfigurationPlatforms) = postSolution
		{F77CC4D1-FAB8-4BA4-9CD2-3A0CF01AA074}.Debug|Any CPU.ActiveCfg = Debug|Any CPU
		{F77CC4D1-FAB8-4BA4-9CD2-3A0CF01AA074}.Debug|Any CPU.Build.0 = Debug|Any CPU
		{F77CC4D1-FAB8-4BA4-9CD2-3A0CF01AA074}.Release|Any CPU.ActiveCfg = Release|Any CPU
		{F77CC4D1-FAB8-4BA4-9CD2-3A0CF01AA074}.Release|Any CPU.Build.0 = Release|Any CPU
	EndGlobalSection
	GlobalSection(SolutionProperties) = preSolution
		HideSolutionNode = FALSE
	EndGlobalSection
EndGlobal
